
Microsoft Visual Studio Solution File, Format Version 12.00
# Visual Studio Version 17
VisualStudioVersion = 17.9.34728.123
MinimumVisualStudioVersion = 10.0.40219.1
Project("{9A19103F-16F7-4668-BE54-9A1E7A4F7556}") = "SREZ", "SREZ\SREZ.csproj", "{FA22CA62-E84E-4304-8D48-A89EC3A7AF67}"
EndProject
Project("{FAE04EC0-301F-11D3-BF4B-00C04F79EFBC}") = "Z4", "Z4\Z4.csproj", "{B06B27D4-197C-4F3B-9489-56CF7D48FB78}"
EndProject
Project("{FAE04EC0-301F-11D3-BF4B-00C04F79EFBC}") = "Z7", "Z7\Z7.csproj", "{45C3AA47-B3D3-4160-BE3E-3602EBE3DCEE}"
EndProject
Global
	GlobalSection(SolutionConfigurationPlatforms) = preSolution
		Debug|Any CPU = Debug|Any CPU
		Release|Any CPU = Release|Any CPU
	EndGlobalSection
	GlobalSection(ProjectConfigurationPlatforms) = postSolution
		{FA22CA62-E84E-4304-8D48-A89EC3A7AF67}.Debug|Any CPU.ActiveCfg = Debug|Any CPU
		{FA22CA62-E84E-4304-8D48-A89EC3A7AF67}.Debug|Any CPU.Build.0 = Debug|Any CPU
		{FA22CA62-E84E-4304-8D48-A89EC3A7AF67}.Release|Any CPU.ActiveCfg = Release|Any CPU
		{FA22CA62-E84E-4304-8D48-A89EC3A7AF67}.Release|Any CPU.Build.0 = Release|Any CPU
		{B06B27D4-197C-4F3B-9489-56CF7D48FB78}.Debug|Any CPU.ActiveCfg = Debug|Any CPU
		{B06B27D4-197C-4F3B-9489-56CF7D48FB78}.Debug|Any CPU.Build.0 = Debug|Any CPU
		{B06B27D4-197C-4F3B-9489-56CF7D48FB78}.Release|Any CPU.ActiveCfg = Release|Any CPU
		{B06B27D4-197C-4F3B-9489-56CF7D48FB78}.Release|Any CPU.Build.0 = Release|Any CPU
		{45C3AA47-B3D3-4160-BE3E-3602EBE3DCEE}.Debug|Any CPU.ActiveCfg = Debug|Any CPU
		{45C3AA47-B3D3-4160-BE3E-3602EBE3DCEE}.Debug|Any CPU.Build.0 = Debug|Any CPU
		{45C3AA47-B3D3-4160-BE3E-3602EBE3DCEE}.Release|Any CPU.ActiveCfg = Release|Any CPU
		{45C3AA47-B3D3-4160-BE3E-3602EBE3DCEE}.Release|Any CPU.Build.0 = Release|Any CPU
	EndGlobalSection
	GlobalSection(SolutionProperties) = preSolution
		HideSolutionNode = FALSE
	EndGlobalSection
	GlobalSection(ExtensibilityGlobals) = postSolution
		SolutionGuid = {543360D6-E92D-4AB3-AF0F-848454C81F46}
	EndGlobalSection
EndGlobal
