
Microsoft Visual Studio Solution File, Format Version 12.00
# Visual Studio Version 17
VisualStudioVersion = 17.9.34728.123
MinimumVisualStudioVersion = 10.0.40219.1
Project("{9A19103F-16F7-4668-BE54-9A1E7A4F7556}") = "SREZ", "SREZ\SREZ.csproj", "{FA22CA62-E84E-4304-8D48-A89EC3A7AF67}"
EndProject
Project("{9A19103F-16F7-4668-BE54-9A1E7A4F7556}") = "Z4", "Z4\Z4.csproj", "{B06B27D4-197C-4F3B-9489-56CF7D48FB78}"
EndProject
Project("{9A19103F-16F7-4668-BE54-9A1E7A4F7556}") = "Z7", "Z7\Z7.csproj", "{45C3AA47-B3D3-4160-BE3E-3602EBE3DCEE}"
EndProject
Project("{9A19103F-16F7-4668-BE54-9A1E7A4F7556}") = "Z10", "Z10\Z10.csproj", "{09E8CAA3-E7A9-4F2B-85CC-96BE68C6211A}"
EndProject
Project("{9A19103F-16F7-4668-BE54-9A1E7A4F7556}") = "Z13", "Z13\Z13.csproj", "{B90A1441-1CB9-4904-8E9E-ABC16330E613}"
EndProject
Project("{9A19103F-16F7-4668-BE54-9A1E7A4F7556}") = "Z1", "Z1\Z1.csproj", "{9AEC789C-D423-42E8-A41C-16DBCE7D9D2F}"
EndProject
Project("{9A19103F-16F7-4668-BE54-9A1E7A4F7556}") = "Z16", "Z16\Z16.csproj", "{C4C7554C-292B-4532-9227-121054467DD9}"
EndProject
Project("{9A19103F-16F7-4668-BE54-9A1E7A4F7556}") = "Z19", "Z19\Z19.csproj", "{9FD09890-09D2-4766-AC41-D0B3F6533487}"
EndProject
Project("{9A19103F-16F7-4668-BE54-9A1E7A4F7556}") = "Z22", "Z22\Z22.csproj", "{363F409D-D556-4D96-B8F6-40BD36048666}"
EndProject
Project("{9A19103F-16F7-4668-BE54-9A1E7A4F7556}") = "Z25", "Z25\Z25.csproj", "{830FC580-E08E-4341-83F8-C2C91D9F289B}"
EndProject
Project("{9A19103F-16F7-4668-BE54-9A1E7A4F7556}") = "Z28", "Z28\Z28.csproj", "{20280757-0AE3-4DF5-9D78-5DAA740D4851}"
EndProject
Project("{9A19103F-16F7-4668-BE54-9A1E7A4F7556}") = "Z31", "Z31\Z31.csproj", "{CE3AF149-C8A2-4F33-8E95-F71182CABD1F}"
EndProject
Project("{9A19103F-16F7-4668-BE54-9A1E7A4F7556}") = "Z34", "Z34\Z34.csproj", "{A7EADC25-36EE-4481-8DEB-7765C3DBBBF4}"
EndProject
Project("{9A19103F-16F7-4668-BE54-9A1E7A4F7556}") = "Z37", "Z37\Z37.csproj", "{5A2A2B25-003E-41BD-A0E6-2FFC0951AFEE}"
EndProject
Project("{FAE04EC0-301F-11D3-BF4B-00C04F79EFBC}") = "Z40", "Z40\Z40.csproj", "{8B7F64BF-5EBE-4318-AC12-29CF491E91B5}"
EndProject
Global
	GlobalSection(SolutionConfigurationPlatforms) = preSolution
		Debug|Any CPU = Debug|Any CPU
		Release|Any CPU = Release|Any CPU
	EndGlobalSection
	GlobalSection(ProjectConfigurationPlatforms) = postSolution
		{FA22CA62-E84E-4304-8D48-A89EC3A7AF67}.Debug|Any CPU.ActiveCfg = Debug|Any CPU
		{FA22CA62-E84E-4304-8D48-A89EC3A7AF67}.Debug|Any CPU.Build.0 = Debug|Any CPU
		{FA22CA62-E84E-4304-8D48-A89EC3A7AF67}.Release|Any CPU.ActiveCfg = Release|Any CPU
		{FA22CA62-E84E-4304-8D48-A89EC3A7AF67}.Release|Any CPU.Build.0 = Release|Any CPU
		{B06B27D4-197C-4F3B-9489-56CF7D48FB78}.Debug|Any CPU.ActiveCfg = Debug|Any CPU
		{B06B27D4-197C-4F3B-9489-56CF7D48FB78}.Debug|Any CPU.Build.0 = Debug|Any CPU
		{B06B27D4-197C-4F3B-9489-56CF7D48FB78}.Release|Any CPU.ActiveCfg = Release|Any CPU
		{B06B27D4-197C-4F3B-9489-56CF7D48FB78}.Release|Any CPU.Build.0 = Release|Any CPU
		{45C3AA47-B3D3-4160-BE3E-3602EBE3DCEE}.Debug|Any CPU.ActiveCfg = Debug|Any CPU
		{45C3AA47-B3D3-4160-BE3E-3602EBE3DCEE}.Debug|Any CPU.Build.0 = Debug|Any CPU
		{45C3AA47-B3D3-4160-BE3E-3602EBE3DCEE}.Release|Any CPU.ActiveCfg = Release|Any CPU
		{45C3AA47-B3D3-4160-BE3E-3602EBE3DCEE}.Release|Any CPU.Build.0 = Release|Any CPU
		{09E8CAA3-E7A9-4F2B-85CC-96BE68C6211A}.Debug|Any CPU.ActiveCfg = Debug|Any CPU
		{09E8CAA3-E7A9-4F2B-85CC-96BE68C6211A}.Debug|Any CPU.Build.0 = Debug|Any CPU
		{09E8CAA3-E7A9-4F2B-85CC-96BE68C6211A}.Release|Any CPU.ActiveCfg = Release|Any CPU
		{09E8CAA3-E7A9-4F2B-85CC-96BE68C6211A}.Release|Any CPU.Build.0 = Release|Any CPU
		{B90A1441-1CB9-4904-8E9E-ABC16330E613}.Debug|Any CPU.ActiveCfg = Debug|Any CPU
		{B90A1441-1CB9-4904-8E9E-ABC16330E613}.Debug|Any CPU.Build.0 = Debug|Any CPU
		{B90A1441-1CB9-4904-8E9E-ABC16330E613}.Release|Any CPU.ActiveCfg = Release|Any CPU
		{B90A1441-1CB9-4904-8E9E-ABC16330E613}.Release|Any CPU.Build.0 = Release|Any CPU
		{9AEC789C-D423-42E8-A41C-16DBCE7D9D2F}.Debug|Any CPU.ActiveCfg = Debug|Any CPU
		{9AEC789C-D423-42E8-A41C-16DBCE7D9D2F}.Debug|Any CPU.Build.0 = Debug|Any CPU
		{9AEC789C-D423-42E8-A41C-16DBCE7D9D2F}.Release|Any CPU.ActiveCfg = Release|Any CPU
		{9AEC789C-D423-42E8-A41C-16DBCE7D9D2F}.Release|Any CPU.Build.0 = Release|Any CPU
		{C4C7554C-292B-4532-9227-121054467DD9}.Debug|Any CPU.ActiveCfg = Debug|Any CPU
		{C4C7554C-292B-4532-9227-121054467DD9}.Debug|Any CPU.Build.0 = Debug|Any CPU
		{C4C7554C-292B-4532-9227-121054467DD9}.Release|Any CPU.ActiveCfg = Release|Any CPU
		{C4C7554C-292B-4532-9227-121054467DD9}.Release|Any CPU.Build.0 = Release|Any CPU
		{9FD09890-09D2-4766-AC41-D0B3F6533487}.Debug|Any CPU.ActiveCfg = Debug|Any CPU
		{9FD09890-09D2-4766-AC41-D0B3F6533487}.Debug|Any CPU.Build.0 = Debug|Any CPU
		{9FD09890-09D2-4766-AC41-D0B3F6533487}.Release|Any CPU.ActiveCfg = Release|Any CPU
		{9FD09890-09D2-4766-AC41-D0B3F6533487}.Release|Any CPU.Build.0 = Release|Any CPU
		{363F409D-D556-4D96-B8F6-40BD36048666}.Debug|Any CPU.ActiveCfg = Debug|Any CPU
		{363F409D-D556-4D96-B8F6-40BD36048666}.Debug|Any CPU.Build.0 = Debug|Any CPU
		{363F409D-D556-4D96-B8F6-40BD36048666}.Release|Any CPU.ActiveCfg = Release|Any CPU
		{363F409D-D556-4D96-B8F6-40BD36048666}.Release|Any CPU.Build.0 = Release|Any CPU
		{830FC580-E08E-4341-83F8-C2C91D9F289B}.Debug|Any CPU.ActiveCfg = Debug|Any CPU
		{830FC580-E08E-4341-83F8-C2C91D9F289B}.Debug|Any CPU.Build.0 = Debug|Any CPU
		{830FC580-E08E-4341-83F8-C2C91D9F289B}.Release|Any CPU.ActiveCfg = Release|Any CPU
		{830FC580-E08E-4341-83F8-C2C91D9F289B}.Release|Any CPU.Build.0 = Release|Any CPU
		{20280757-0AE3-4DF5-9D78-5DAA740D4851}.Debug|Any CPU.ActiveCfg = Debug|Any CPU
		{20280757-0AE3-4DF5-9D78-5DAA740D4851}.Debug|Any CPU.Build.0 = Debug|Any CPU
		{20280757-0AE3-4DF5-9D78-5DAA740D4851}.Release|Any CPU.ActiveCfg = Release|Any CPU
		{20280757-0AE3-4DF5-9D78-5DAA740D4851}.Release|Any CPU.Build.0 = Release|Any CPU
		{CE3AF149-C8A2-4F33-8E95-F71182CABD1F}.Debug|Any CPU.ActiveCfg = Debug|Any CPU
		{CE3AF149-C8A2-4F33-8E95-F71182CABD1F}.Debug|Any CPU.Build.0 = Debug|Any CPU
		{CE3AF149-C8A2-4F33-8E95-F71182CABD1F}.Release|Any CPU.ActiveCfg = Release|Any CPU
		{CE3AF149-C8A2-4F33-8E95-F71182CABD1F}.Release|Any CPU.Build.0 = Release|Any CPU
		{A7EADC25-36EE-4481-8DEB-7765C3DBBBF4}.Debug|Any CPU.ActiveCfg = Debug|Any CPU
		{A7EADC25-36EE-4481-8DEB-7765C3DBBBF4}.Debug|Any CPU.Build.0 = Debug|Any CPU
		{A7EADC25-36EE-4481-8DEB-7765C3DBBBF4}.Release|Any CPU.ActiveCfg = Release|Any CPU
		{A7EADC25-36EE-4481-8DEB-7765C3DBBBF4}.Release|Any CPU.Build.0 = Release|Any CPU
		{5A2A2B25-003E-41BD-A0E6-2FFC0951AFEE}.Debug|Any CPU.ActiveCfg = Debug|Any CPU
		{5A2A2B25-003E-41BD-A0E6-2FFC0951AFEE}.Debug|Any CPU.Build.0 = Debug|Any CPU
		{5A2A2B25-003E-41BD-A0E6-2FFC0951AFEE}.Release|Any CPU.ActiveCfg = Release|Any CPU
		{5A2A2B25-003E-41BD-A0E6-2FFC0951AFEE}.Release|Any CPU.Build.0 = Release|Any CPU
		{8B7F64BF-5EBE-4318-AC12-29CF491E91B5}.Debug|Any CPU.ActiveCfg = Debug|Any CPU
		{8B7F64BF-5EBE-4318-AC12-29CF491E91B5}.Debug|Any CPU.Build.0 = Debug|Any CPU
		{8B7F64BF-5EBE-4318-AC12-29CF491E91B5}.Release|Any CPU.ActiveCfg = Release|Any CPU
		{8B7F64BF-5EBE-4318-AC12-29CF491E91B5}.Release|Any CPU.Build.0 = Release|Any CPU
	EndGlobalSection
	GlobalSection(SolutionProperties) = preSolution
		HideSolutionNode = FALSE
	EndGlobalSection
	GlobalSection(ExtensibilityGlobals) = postSolution
		SolutionGuid = {543360D6-E92D-4AB3-AF0F-848454C81F46}
	EndGlobalSection
EndGlobal
